
Microsoft Visual Studio Solution File, Format Version 12.00
# Visual Studio Version 17
VisualStudioVersion = 17.0.31903.59
MinimumVisualStudioVersion = 10.0.40219.1
Project("{FAE04EC0-301F-11D3-BF4B-00C04F79EFBC}") = "DogShelter.Domain", "src\DogShelter.Domain\DogShelter.Domain.csproj", "{B6C953E4-4FAE-4838-9D30-AAB29B0D8DF1}"
EndProject
Global
	GlobalSection(SolutionConfigurationPlatforms) = preSolution
		Debug|Any CPU = Debug|Any CPU
		Release|Any CPU = Release|Any CPU
	EndGlobalSection
	GlobalSection(ProjectConfigurationPlatforms) = postSolution
		{B6C953E4-4FAE-4838-9D30-AAB29B0D8DF1}.Debug|Any CPU.ActiveCfg = Debug|Any CPU
		{B6C953E4-4FAE-4838-9D30-AAB29B0D8DF1}.Debug|Any CPU.Build.0 = Debug|Any CPU
		{B6C953E4-4FAE-4838-9D30-AAB29B0D8DF1}.Release|Any CPU.ActiveCfg = Release|Any CPU
		{B6C953E4-4FAE-4838-9D30-AAB29B0D8DF1}.Release|Any CPU.Build.0 = Release|Any CPU
	EndGlobalSection
	GlobalSection(SolutionProperties) = preSolution
		HideSolutionNode = FALSE
	EndGlobalSection
	GlobalSection(ExtensibilityGlobals) = postSolution
		SolutionGuid = {88989ED5-22D5-4F42-B9AB-5E7E60C88E22}
	EndGlobalSection
EndGlobal
